
Microsoft Visual Studio Solution File, Format Version 12.00
# Visual Studio Version 17
VisualStudioVersion = 17.11.35327.3
MinimumVisualStudioVersion = 10.0.40219.1
Project("{F184B08F-C81C-45F6-A57F-5ABD9991F28F}") = "gecola", "gecola.vbproj", "{E569BB02-C3DF-48B9-A638-41E3FD767FAF}"
EndProject
Global
	GlobalSection(SolutionConfigurationPlatforms) = preSolution
		Debug|Any CPU = Debug|Any CPU
		Release|Any CPU = Release|Any CPU
	EndGlobalSection
	GlobalSection(ProjectConfigurationPlatforms) = postSolution
		{E569BB02-C3DF-48B9-A638-41E3FD767FAF}.Debug|Any CPU.ActiveCfg = Debug|Any CPU
		{E569BB02-C3DF-48B9-A638-41E3FD767FAF}.Debug|Any CPU.Build.0 = Debug|Any CPU
		{E569BB02-C3DF-48B9-A638-41E3FD767FAF}.Release|Any CPU.ActiveCfg = Release|Any CPU
		{E569BB02-C3DF-48B9-A638-41E3FD767FAF}.Release|Any CPU.Build.0 = Release|Any CPU
	EndGlobalSection
	GlobalSection(SolutionProperties) = preSolution
		HideSolutionNode = FALSE
	EndGlobalSection
	GlobalSection(ExtensibilityGlobals) = postSolution
		SolutionGuid = {0978E0E4-377E-4E28-B4AF-FC1FEE99BB99}
	EndGlobalSection
EndGlobal
